
Microsoft Visual Studio Solution File, Format Version 12.00
# Visual Studio Version 17
VisualStudioVersion = 17.8.34511.84
MinimumVisualStudioVersion = 10.0.40219.1
Project("{FAE04EC0-301F-11D3-BF4B-00C04F79EFBC}") = "Test_11_Lesson_12", "Test_11_Lesson_12\Test_11_Lesson_12.csproj", "{184A7111-753C-488D-89D7-F110EA6E354C}"
EndProject
Global
	GlobalSection(SolutionConfigurationPlatforms) = preSolution
		Debug|Any CPU = Debug|Any CPU
		Release|Any CPU = Release|Any CPU
	EndGlobalSection
	GlobalSection(ProjectConfigurationPlatforms) = postSolution
		{184A7111-753C-488D-89D7-F110EA6E354C}.Debug|Any CPU.ActiveCfg = Debug|Any CPU
		{184A7111-753C-488D-89D7-F110EA6E354C}.Debug|Any CPU.Build.0 = Debug|Any CPU
		{184A7111-753C-488D-89D7-F110EA6E354C}.Release|Any CPU.ActiveCfg = Release|Any CPU
		{184A7111-753C-488D-89D7-F110EA6E354C}.Release|Any CPU.Build.0 = Release|Any CPU
	EndGlobalSection
	GlobalSection(SolutionProperties) = preSolution
		HideSolutionNode = FALSE
	EndGlobalSection
	GlobalSection(ExtensibilityGlobals) = postSolution
		SolutionGuid = {E171D626-B758-442B-8F89-87B8AA27BA1F}
	EndGlobalSection
EndGlobal
