
Microsoft Visual Studio Solution File, Format Version 12.00
# Visual Studio Version 17
VisualStudioVersion = 17.8.34511.84
MinimumVisualStudioVersion = 10.0.40219.1
Project("{FAE04EC0-301F-11D3-BF4B-00C04F79EFBC}") = "Test_16_Lesson_17", "Test_16_Lesson_17\Test_16_Lesson_17.csproj", "{37DD9E1E-F738-4286-B5CD-162B6211AD07}"
EndProject
Global
	GlobalSection(SolutionConfigurationPlatforms) = preSolution
		Debug|Any CPU = Debug|Any CPU
		Release|Any CPU = Release|Any CPU
	EndGlobalSection
	GlobalSection(ProjectConfigurationPlatforms) = postSolution
		{37DD9E1E-F738-4286-B5CD-162B6211AD07}.Debug|Any CPU.ActiveCfg = Debug|Any CPU
		{37DD9E1E-F738-4286-B5CD-162B6211AD07}.Debug|Any CPU.Build.0 = Debug|Any CPU
		{37DD9E1E-F738-4286-B5CD-162B6211AD07}.Release|Any CPU.ActiveCfg = Release|Any CPU
		{37DD9E1E-F738-4286-B5CD-162B6211AD07}.Release|Any CPU.Build.0 = Release|Any CPU
	EndGlobalSection
	GlobalSection(SolutionProperties) = preSolution
		HideSolutionNode = FALSE
	EndGlobalSection
	GlobalSection(ExtensibilityGlobals) = postSolution
		SolutionGuid = {0EBA6A97-70E3-486E-8E10-E86E8D07378B}
	EndGlobalSection
EndGlobal
