
Microsoft Visual Studio Solution File, Format Version 12.00
# Visual Studio Version 17
VisualStudioVersion = 17.8.34511.84
MinimumVisualStudioVersion = 10.0.40219.1
Project("{FAE04EC0-301F-11D3-BF4B-00C04F79EFBC}") = "Test_12_Lesson_13", "Test_12_Lesson_13\Test_12_Lesson_13.csproj", "{AC009DB5-087E-4B82-91E6-EC64FB547CAC}"
EndProject
Global
	GlobalSection(SolutionConfigurationPlatforms) = preSolution
		Debug|Any CPU = Debug|Any CPU
		Release|Any CPU = Release|Any CPU
	EndGlobalSection
	GlobalSection(ProjectConfigurationPlatforms) = postSolution
		{AC009DB5-087E-4B82-91E6-EC64FB547CAC}.Debug|Any CPU.ActiveCfg = Debug|Any CPU
		{AC009DB5-087E-4B82-91E6-EC64FB547CAC}.Debug|Any CPU.Build.0 = Debug|Any CPU
		{AC009DB5-087E-4B82-91E6-EC64FB547CAC}.Release|Any CPU.ActiveCfg = Release|Any CPU
		{AC009DB5-087E-4B82-91E6-EC64FB547CAC}.Release|Any CPU.Build.0 = Release|Any CPU
	EndGlobalSection
	GlobalSection(SolutionProperties) = preSolution
		HideSolutionNode = FALSE
	EndGlobalSection
	GlobalSection(ExtensibilityGlobals) = postSolution
		SolutionGuid = {0793FA87-ECE2-4332-963F-FC29DA239A8C}
	EndGlobalSection
EndGlobal
