
Microsoft Visual Studio Solution File, Format Version 12.00
# Visual Studio Version 17
VisualStudioVersion = 17.8.34511.84
MinimumVisualStudioVersion = 10.0.40219.1
Project("{FAE04EC0-301F-11D3-BF4B-00C04F79EFBC}") = "Test_13_Lesson_14", "Test_13_Lesson_14\Test_13_Lesson_14.csproj", "{9E0A8175-78A3-4B82-ABA0-14A80C292BB2}"
EndProject
Global
	GlobalSection(SolutionConfigurationPlatforms) = preSolution
		Debug|Any CPU = Debug|Any CPU
		Release|Any CPU = Release|Any CPU
	EndGlobalSection
	GlobalSection(ProjectConfigurationPlatforms) = postSolution
		{9E0A8175-78A3-4B82-ABA0-14A80C292BB2}.Debug|Any CPU.ActiveCfg = Debug|Any CPU
		{9E0A8175-78A3-4B82-ABA0-14A80C292BB2}.Debug|Any CPU.Build.0 = Debug|Any CPU
		{9E0A8175-78A3-4B82-ABA0-14A80C292BB2}.Release|Any CPU.ActiveCfg = Release|Any CPU
		{9E0A8175-78A3-4B82-ABA0-14A80C292BB2}.Release|Any CPU.Build.0 = Release|Any CPU
	EndGlobalSection
	GlobalSection(SolutionProperties) = preSolution
		HideSolutionNode = FALSE
	EndGlobalSection
	GlobalSection(ExtensibilityGlobals) = postSolution
		SolutionGuid = {0E1AC8F1-744A-4A02-AF9E-6718028A16E2}
	EndGlobalSection
EndGlobal
