
Microsoft Visual Studio Solution File, Format Version 12.00
# Visual Studio Version 17
VisualStudioVersion = 17.8.34511.84
MinimumVisualStudioVersion = 10.0.40219.1
Project("{FAE04EC0-301F-11D3-BF4B-00C04F79EFBC}") = "Test_18_Lesson_19", "Test_18_Lesson_19\Test_18_Lesson_19.csproj", "{2D12CFBF-DE25-401E-82F3-7ECAF2460FEC}"
EndProject
Global
	GlobalSection(SolutionConfigurationPlatforms) = preSolution
		Debug|Any CPU = Debug|Any CPU
		Release|Any CPU = Release|Any CPU
	EndGlobalSection
	GlobalSection(ProjectConfigurationPlatforms) = postSolution
		{2D12CFBF-DE25-401E-82F3-7ECAF2460FEC}.Debug|Any CPU.ActiveCfg = Debug|Any CPU
		{2D12CFBF-DE25-401E-82F3-7ECAF2460FEC}.Debug|Any CPU.Build.0 = Debug|Any CPU
		{2D12CFBF-DE25-401E-82F3-7ECAF2460FEC}.Release|Any CPU.ActiveCfg = Release|Any CPU
		{2D12CFBF-DE25-401E-82F3-7ECAF2460FEC}.Release|Any CPU.Build.0 = Release|Any CPU
	EndGlobalSection
	GlobalSection(SolutionProperties) = preSolution
		HideSolutionNode = FALSE
	EndGlobalSection
	GlobalSection(ExtensibilityGlobals) = postSolution
		SolutionGuid = {B603E6E3-4A03-4438-8007-81A556C25D51}
	EndGlobalSection
EndGlobal
