
Microsoft Visual Studio Solution File, Format Version 12.00
# Visual Studio Version 17
VisualStudioVersion = 17.8.34511.84
MinimumVisualStudioVersion = 10.0.40219.1
Project("{FAE04EC0-301F-11D3-BF4B-00C04F79EFBC}") = "Test_22_Lesson_23", "Test_22_Lesson_23\Test_22_Lesson_23.csproj", "{19988D8E-8780-45D3-AA42-7E6E1390FD2C}"
EndProject
Global
	GlobalSection(SolutionConfigurationPlatforms) = preSolution
		Debug|Any CPU = Debug|Any CPU
		Release|Any CPU = Release|Any CPU
	EndGlobalSection
	GlobalSection(ProjectConfigurationPlatforms) = postSolution
		{19988D8E-8780-45D3-AA42-7E6E1390FD2C}.Debug|Any CPU.ActiveCfg = Debug|Any CPU
		{19988D8E-8780-45D3-AA42-7E6E1390FD2C}.Debug|Any CPU.Build.0 = Debug|Any CPU
		{19988D8E-8780-45D3-AA42-7E6E1390FD2C}.Release|Any CPU.ActiveCfg = Release|Any CPU
		{19988D8E-8780-45D3-AA42-7E6E1390FD2C}.Release|Any CPU.Build.0 = Release|Any CPU
	EndGlobalSection
	GlobalSection(SolutionProperties) = preSolution
		HideSolutionNode = FALSE
	EndGlobalSection
	GlobalSection(ExtensibilityGlobals) = postSolution
		SolutionGuid = {4956B643-5704-426D-B02B-D2B0ED0EF5A9}
	EndGlobalSection
EndGlobal
